
Microsoft Visual Studio Solution File, Format Version 12.00
# Visual Studio 15
VisualStudioVersion = 15.0.28307.1231
MinimumVisualStudioVersion = 10.0.40219.1
Project("{8BC9CEB8-8B4A-11D0-8D11-00A0C91BC942}") = "Lab1", "Lab1\Lab1.vcxproj", "{83A02A46-43B6-4FEA-A455-24967F0022B8}"
EndProject
Global
	GlobalSection(SolutionConfigurationPlatforms) = preSolution
		Debug|x64 = Debug|x64
		Debug|x86 = Debug|x86
		Release|x64 = Release|x64
		Release|x86 = Release|x86
	EndGlobalSection
	GlobalSection(ProjectConfigurationPlatforms) = postSolution
		{83A02A46-43B6-4FEA-A455-24967F0022B8}.Debug|x64.ActiveCfg = Debug|x64
		{83A02A46-43B6-4FEA-A455-24967F0022B8}.Debug|x64.Build.0 = Debug|x64
		{83A02A46-43B6-4FEA-A455-24967F0022B8}.Debug|x86.ActiveCfg = Debug|Win32
		{83A02A46-43B6-4FEA-A455-24967F0022B8}.Debug|x86.Build.0 = Debug|Win32
		{83A02A46-43B6-4FEA-A455-24967F0022B8}.Release|x64.ActiveCfg = Release|x64
		{83A02A46-43B6-4FEA-A455-24967F0022B8}.Release|x64.Build.0 = Release|x64
		{83A02A46-43B6-4FEA-A455-24967F0022B8}.Release|x86.ActiveCfg = Release|Win32
		{83A02A46-43B6-4FEA-A455-24967F0022B8}.Release|x86.Build.0 = Release|Win32
	EndGlobalSection
	GlobalSection(SolutionProperties) = preSolution
		HideSolutionNode = FALSE
	EndGlobalSection
	GlobalSection(ExtensibilityGlobals) = postSolution
		SolutionGuid = {CAA4F324-2613-4C02-BA44-82833667827A}
	EndGlobalSection
EndGlobal
